
Microsoft Visual Studio Solution File, Format Version 12.00
# Visual Studio 2013
VisualStudioVersion = 12.0.31101.0
MinimumVisualStudioVersion = 10.0.40219.1
Project("{FAE04EC0-301F-11D3-BF4B-00C04F79EFBC}") = "WindowsFormsApplication1", "WindowsFormsApplication1\WindowsFormsApplication1.csproj", "{7F35E8D5-59BD-4960-9A8C-9F1B9A122082}"
EndProject
Global
	GlobalSection(SolutionConfigurationPlatforms) = preSolution
		Debug|Any CPU = Debug|Any CPU
		Release|Any CPU = Release|Any CPU
	EndGlobalSection
	GlobalSection(ProjectConfigurationPlatforms) = postSolution
		{7F35E8D5-59BD-4960-9A8C-9F1B9A122082}.Debug|Any CPU.ActiveCfg = Debug|Any CPU
		{7F35E8D5-59BD-4960-9A8C-9F1B9A122082}.Debug|Any CPU.Build.0 = Debug|Any CPU
		{7F35E8D5-59BD-4960-9A8C-9F1B9A122082}.Release|Any CPU.ActiveCfg = Release|Any CPU
		{7F35E8D5-59BD-4960-9A8C-9F1B9A122082}.Release|Any CPU.Build.0 = Release|Any CPU
	EndGlobalSection
	GlobalSection(SolutionProperties) = preSolution
		HideSolutionNode = FALSE
	EndGlobalSection
EndGlobal
